
Microsoft Visual Studio Solution File, Format Version 12.00
# Visual Studio Version 17
VisualStudioVersion = 17.5.33530.505
MinimumVisualStudioVersion = 10.0.40219.1
Project("{FAE04EC0-301F-11D3-BF4B-00C04F79EFBC}") = "Calculadora-api", "Calculadora-api\Calculadora-api.csproj", "{BAD40E43-64F3-43D3-9F9A-2050FC1FE8EE}"
EndProject
Global
	GlobalSection(SolutionConfigurationPlatforms) = preSolution
		Debug|Any CPU = Debug|Any CPU
		Release|Any CPU = Release|Any CPU
	EndGlobalSection
	GlobalSection(ProjectConfigurationPlatforms) = postSolution
		{BAD40E43-64F3-43D3-9F9A-2050FC1FE8EE}.Debug|Any CPU.ActiveCfg = Debug|Any CPU
		{BAD40E43-64F3-43D3-9F9A-2050FC1FE8EE}.Debug|Any CPU.Build.0 = Debug|Any CPU
		{BAD40E43-64F3-43D3-9F9A-2050FC1FE8EE}.Release|Any CPU.ActiveCfg = Release|Any CPU
		{BAD40E43-64F3-43D3-9F9A-2050FC1FE8EE}.Release|Any CPU.Build.0 = Release|Any CPU
	EndGlobalSection
	GlobalSection(SolutionProperties) = preSolution
		HideSolutionNode = FALSE
	EndGlobalSection
	GlobalSection(ExtensibilityGlobals) = postSolution
		SolutionGuid = {CE894888-E337-421B-9F73-DCC08BF155E5}
	EndGlobalSection
EndGlobal
